
Microsoft Visual Studio Solution File, Format Version 12.00
# Visual Studio Version 16
VisualStudioVersion = 16.0.30104.148
MinimumVisualStudioVersion = 10.0.40219.1
Project("{FAE04EC0-301F-11D3-BF4B-00C04F79EFBC}") = "Svyaznoy_project", "Svyaznoy_project\Svyaznoy_project.csproj", "{DC8DD874-8400-4BF2-BC98-82C7EBC122C3}"
EndProject
Global
	GlobalSection(SolutionConfigurationPlatforms) = preSolution
		Debug|Any CPU = Debug|Any CPU
		Release|Any CPU = Release|Any CPU
	EndGlobalSection
	GlobalSection(ProjectConfigurationPlatforms) = postSolution
		{DC8DD874-8400-4BF2-BC98-82C7EBC122C3}.Debug|Any CPU.ActiveCfg = Debug|Any CPU
		{DC8DD874-8400-4BF2-BC98-82C7EBC122C3}.Debug|Any CPU.Build.0 = Debug|Any CPU
		{DC8DD874-8400-4BF2-BC98-82C7EBC122C3}.Release|Any CPU.ActiveCfg = Release|Any CPU
		{DC8DD874-8400-4BF2-BC98-82C7EBC122C3}.Release|Any CPU.Build.0 = Release|Any CPU
	EndGlobalSection
	GlobalSection(SolutionProperties) = preSolution
		HideSolutionNode = FALSE
	EndGlobalSection
	GlobalSection(ExtensibilityGlobals) = postSolution
		SolutionGuid = {FC5F053F-C54D-4023-91D4-66696253EB44}
	EndGlobalSection
EndGlobal
